
Microsoft Visual Studio Solution File, Format Version 12.00
# Visual Studio Version 16
VisualStudioVersion = 16.0.29509.3
MinimumVisualStudioVersion = 10.0.40219.1
Project("{FAE04EC0-301F-11D3-BF4B-00C04F79EFBC}") = "Knapsack_problem", "Knapsack_problem\Knapsack_problem.csproj", "{D49469E4-25EA-4F31-B6A6-D84B4CE1A38D}"
EndProject
Global
	GlobalSection(SolutionConfigurationPlatforms) = preSolution
		Debug|Any CPU = Debug|Any CPU
		Release|Any CPU = Release|Any CPU
	EndGlobalSection
	GlobalSection(ProjectConfigurationPlatforms) = postSolution
		{D49469E4-25EA-4F31-B6A6-D84B4CE1A38D}.Debug|Any CPU.ActiveCfg = Debug|Any CPU
		{D49469E4-25EA-4F31-B6A6-D84B4CE1A38D}.Debug|Any CPU.Build.0 = Debug|Any CPU
		{D49469E4-25EA-4F31-B6A6-D84B4CE1A38D}.Release|Any CPU.ActiveCfg = Release|Any CPU
		{D49469E4-25EA-4F31-B6A6-D84B4CE1A38D}.Release|Any CPU.Build.0 = Release|Any CPU
	EndGlobalSection
	GlobalSection(SolutionProperties) = preSolution
		HideSolutionNode = FALSE
	EndGlobalSection
	GlobalSection(ExtensibilityGlobals) = postSolution
		SolutionGuid = {7FD389ED-3C3E-461E-8586-0C8766D64BC5}
	EndGlobalSection
EndGlobal
